
Microsoft Visual Studio Solution File, Format Version 12.00
# Visual Studio Version 17
VisualStudioVersion = 17.0.31903.59
MinimumVisualStudioVersion = 10.0.40219.1
Project("{2150E333-8FDC-42A3-9474-1A3956D46DE8}") = "src", "src", "{827E0CD3-B72D-47B6-A68D-7590B98EB39B}"
EndProject
Project("{FAE04EC0-301F-11D3-BF4B-00C04F79EFBC}") = "SimpleStocker.Api", "src\SimpleStocker.Api\SimpleStocker.Api.csproj", "{54E7F0E3-6E0A-4FFE-A37D-2AE082EB22CE}"
EndProject
Project("{FAE04EC0-301F-11D3-BF4B-00C04F79EFBC}") = "SimpleStocker.Tests", "src\SimpleStocker.Tests\SimpleStocker.Tests.csproj", "{14BE7E88-8A96-4E28-B3C4-40282EDEA892}"
EndProject
Project("{FAE04EC0-301F-11D3-BF4B-00C04F79EFBC}") = "SimpleStocker.ProductApi", "src\SimpleStocker.ProductApi\SimpleStocker.ProductApi.csproj", "{B4E1EFB4-4878-4136-B4B7-EA49133BA535}"
EndProject
Project("{FAE04EC0-301F-11D3-BF4B-00C04F79EFBC}") = "SimpleStocker.SaleApi", "src\SimpleStocker.SaleApi\SimpleStocker.SaleApi.csproj", "{187EFC3C-9525-4AB9-BCEA-38CEC520E522}"
EndProject
Project("{FAE04EC0-301F-11D3-BF4B-00C04F79EFBC}") = "SimpleStocker.ClientApi", "src\SimpleStocker.ClientApi\SimpleStocker.ClientApi.csproj", "{B4FAACD0-5EDE-4667-B824-829F64667367}"
EndProject
Project("{54A90642-561A-4BB1-A94E-469ADEE60C69}") = "SimpleStocker.Web", "src\SimpleStocker.Web\SimpleStocker.Web.esproj", "{E2A4C6F6-4168-5AF4-21C8-476EB3B0BB07}"
EndProject
Global
	GlobalSection(SolutionConfigurationPlatforms) = preSolution
		Debug|Any CPU = Debug|Any CPU
		Debug|x64 = Debug|x64
		Debug|x86 = Debug|x86
		Release|Any CPU = Release|Any CPU
		Release|x64 = Release|x64
		Release|x86 = Release|x86
	EndGlobalSection
	GlobalSection(ProjectConfigurationPlatforms) = postSolution
		{54E7F0E3-6E0A-4FFE-A37D-2AE082EB22CE}.Debug|Any CPU.ActiveCfg = Debug|Any CPU
		{54E7F0E3-6E0A-4FFE-A37D-2AE082EB22CE}.Debug|Any CPU.Build.0 = Debug|Any CPU
		{54E7F0E3-6E0A-4FFE-A37D-2AE082EB22CE}.Debug|x64.ActiveCfg = Debug|Any CPU
		{54E7F0E3-6E0A-4FFE-A37D-2AE082EB22CE}.Debug|x64.Build.0 = Debug|Any CPU
		{54E7F0E3-6E0A-4FFE-A37D-2AE082EB22CE}.Debug|x86.ActiveCfg = Debug|Any CPU
		{54E7F0E3-6E0A-4FFE-A37D-2AE082EB22CE}.Debug|x86.Build.0 = Debug|Any CPU
		{54E7F0E3-6E0A-4FFE-A37D-2AE082EB22CE}.Release|Any CPU.ActiveCfg = Release|Any CPU
		{54E7F0E3-6E0A-4FFE-A37D-2AE082EB22CE}.Release|Any CPU.Build.0 = Release|Any CPU
		{54E7F0E3-6E0A-4FFE-A37D-2AE082EB22CE}.Release|x64.ActiveCfg = Release|Any CPU
		{54E7F0E3-6E0A-4FFE-A37D-2AE082EB22CE}.Release|x64.Build.0 = Release|Any CPU
		{54E7F0E3-6E0A-4FFE-A37D-2AE082EB22CE}.Release|x86.ActiveCfg = Release|Any CPU
		{54E7F0E3-6E0A-4FFE-A37D-2AE082EB22CE}.Release|x86.Build.0 = Release|Any CPU
		{14BE7E88-8A96-4E28-B3C4-40282EDEA892}.Debug|Any CPU.ActiveCfg = Debug|Any CPU
		{14BE7E88-8A96-4E28-B3C4-40282EDEA892}.Debug|Any CPU.Build.0 = Debug|Any CPU
		{14BE7E88-8A96-4E28-B3C4-40282EDEA892}.Debug|x64.ActiveCfg = Debug|Any CPU
		{14BE7E88-8A96-4E28-B3C4-40282EDEA892}.Debug|x64.Build.0 = Debug|Any CPU
		{14BE7E88-8A96-4E28-B3C4-40282EDEA892}.Debug|x86.ActiveCfg = Debug|Any CPU
		{14BE7E88-8A96-4E28-B3C4-40282EDEA892}.Debug|x86.Build.0 = Debug|Any CPU
		{14BE7E88-8A96-4E28-B3C4-40282EDEA892}.Release|Any CPU.ActiveCfg = Release|Any CPU
		{14BE7E88-8A96-4E28-B3C4-40282EDEA892}.Release|Any CPU.Build.0 = Release|Any CPU
		{14BE7E88-8A96-4E28-B3C4-40282EDEA892}.Release|x64.ActiveCfg = Release|Any CPU
		{14BE7E88-8A96-4E28-B3C4-40282EDEA892}.Release|x64.Build.0 = Release|Any CPU
		{14BE7E88-8A96-4E28-B3C4-40282EDEA892}.Release|x86.ActiveCfg = Release|Any CPU
		{14BE7E88-8A96-4E28-B3C4-40282EDEA892}.Release|x86.Build.0 = Release|Any CPU
		{B4E1EFB4-4878-4136-B4B7-EA49133BA535}.Debug|Any CPU.ActiveCfg = Debug|Any CPU
		{B4E1EFB4-4878-4136-B4B7-EA49133BA535}.Debug|Any CPU.Build.0 = Debug|Any CPU
		{B4E1EFB4-4878-4136-B4B7-EA49133BA535}.Debug|x64.ActiveCfg = Debug|Any CPU
		{B4E1EFB4-4878-4136-B4B7-EA49133BA535}.Debug|x64.Build.0 = Debug|Any CPU
		{B4E1EFB4-4878-4136-B4B7-EA49133BA535}.Debug|x86.ActiveCfg = Debug|Any CPU
		{B4E1EFB4-4878-4136-B4B7-EA49133BA535}.Debug|x86.Build.0 = Debug|Any CPU
		{B4E1EFB4-4878-4136-B4B7-EA49133BA535}.Release|Any CPU.ActiveCfg = Release|Any CPU
		{B4E1EFB4-4878-4136-B4B7-EA49133BA535}.Release|Any CPU.Build.0 = Release|Any CPU
		{B4E1EFB4-4878-4136-B4B7-EA49133BA535}.Release|x64.ActiveCfg = Release|Any CPU
		{B4E1EFB4-4878-4136-B4B7-EA49133BA535}.Release|x64.Build.0 = Release|Any CPU
		{B4E1EFB4-4878-4136-B4B7-EA49133BA535}.Release|x86.ActiveCfg = Release|Any CPU
		{B4E1EFB4-4878-4136-B4B7-EA49133BA535}.Release|x86.Build.0 = Release|Any CPU
		{187EFC3C-9525-4AB9-BCEA-38CEC520E522}.Debug|Any CPU.ActiveCfg = Debug|Any CPU
		{187EFC3C-9525-4AB9-BCEA-38CEC520E522}.Debug|Any CPU.Build.0 = Debug|Any CPU
		{187EFC3C-9525-4AB9-BCEA-38CEC520E522}.Debug|x64.ActiveCfg = Debug|Any CPU
		{187EFC3C-9525-4AB9-BCEA-38CEC520E522}.Debug|x64.Build.0 = Debug|Any CPU
		{187EFC3C-9525-4AB9-BCEA-38CEC520E522}.Debug|x86.ActiveCfg = Debug|Any CPU
		{187EFC3C-9525-4AB9-BCEA-38CEC520E522}.Debug|x86.Build.0 = Debug|Any CPU
		{187EFC3C-9525-4AB9-BCEA-38CEC520E522}.Release|Any CPU.ActiveCfg = Release|Any CPU
		{187EFC3C-9525-4AB9-BCEA-38CEC520E522}.Release|Any CPU.Build.0 = Release|Any CPU
		{187EFC3C-9525-4AB9-BCEA-38CEC520E522}.Release|x64.ActiveCfg = Release|Any CPU
		{187EFC3C-9525-4AB9-BCEA-38CEC520E522}.Release|x64.Build.0 = Release|Any CPU
		{187EFC3C-9525-4AB9-BCEA-38CEC520E522}.Release|x86.ActiveCfg = Release|Any CPU
		{187EFC3C-9525-4AB9-BCEA-38CEC520E522}.Release|x86.Build.0 = Release|Any CPU
		{B4FAACD0-5EDE-4667-B824-829F64667367}.Debug|Any CPU.ActiveCfg = Debug|Any CPU
		{B4FAACD0-5EDE-4667-B824-829F64667367}.Debug|Any CPU.Build.0 = Debug|Any CPU
		{B4FAACD0-5EDE-4667-B824-829F64667367}.Debug|x64.ActiveCfg = Debug|Any CPU
		{B4FAACD0-5EDE-4667-B824-829F64667367}.Debug|x64.Build.0 = Debug|Any CPU
		{B4FAACD0-5EDE-4667-B824-829F64667367}.Debug|x86.ActiveCfg = Debug|Any CPU
		{B4FAACD0-5EDE-4667-B824-829F64667367}.Debug|x86.Build.0 = Debug|Any CPU
		{B4FAACD0-5EDE-4667-B824-829F64667367}.Release|Any CPU.ActiveCfg = Release|Any CPU
		{B4FAACD0-5EDE-4667-B824-829F64667367}.Release|Any CPU.Build.0 = Release|Any CPU
		{B4FAACD0-5EDE-4667-B824-829F64667367}.Release|x64.ActiveCfg = Release|Any CPU
		{B4FAACD0-5EDE-4667-B824-829F64667367}.Release|x64.Build.0 = Release|Any CPU
		{B4FAACD0-5EDE-4667-B824-829F64667367}.Release|x86.ActiveCfg = Release|Any CPU
		{B4FAACD0-5EDE-4667-B824-829F64667367}.Release|x86.Build.0 = Release|Any CPU
		{E2A4C6F6-4168-5AF4-21C8-476EB3B0BB07}.Debug|Any CPU.ActiveCfg = Debug|Any CPU
		{E2A4C6F6-4168-5AF4-21C8-476EB3B0BB07}.Debug|Any CPU.Build.0 = Debug|Any CPU
		{E2A4C6F6-4168-5AF4-21C8-476EB3B0BB07}.Debug|Any CPU.Deploy.0 = Debug|Any CPU
		{E2A4C6F6-4168-5AF4-21C8-476EB3B0BB07}.Debug|x64.ActiveCfg = Debug|Any CPU
		{E2A4C6F6-4168-5AF4-21C8-476EB3B0BB07}.Debug|x64.Build.0 = Debug|Any CPU
		{E2A4C6F6-4168-5AF4-21C8-476EB3B0BB07}.Debug|x64.Deploy.0 = Debug|Any CPU
		{E2A4C6F6-4168-5AF4-21C8-476EB3B0BB07}.Debug|x86.ActiveCfg = Debug|Any CPU
		{E2A4C6F6-4168-5AF4-21C8-476EB3B0BB07}.Debug|x86.Build.0 = Debug|Any CPU
		{E2A4C6F6-4168-5AF4-21C8-476EB3B0BB07}.Debug|x86.Deploy.0 = Debug|Any CPU
		{E2A4C6F6-4168-5AF4-21C8-476EB3B0BB07}.Release|Any CPU.ActiveCfg = Release|Any CPU
		{E2A4C6F6-4168-5AF4-21C8-476EB3B0BB07}.Release|Any CPU.Build.0 = Release|Any CPU
		{E2A4C6F6-4168-5AF4-21C8-476EB3B0BB07}.Release|Any CPU.Deploy.0 = Release|Any CPU
		{E2A4C6F6-4168-5AF4-21C8-476EB3B0BB07}.Release|x64.ActiveCfg = Release|Any CPU
		{E2A4C6F6-4168-5AF4-21C8-476EB3B0BB07}.Release|x64.Build.0 = Release|Any CPU
		{E2A4C6F6-4168-5AF4-21C8-476EB3B0BB07}.Release|x64.Deploy.0 = Release|Any CPU
		{E2A4C6F6-4168-5AF4-21C8-476EB3B0BB07}.Release|x86.ActiveCfg = Release|Any CPU
		{E2A4C6F6-4168-5AF4-21C8-476EB3B0BB07}.Release|x86.Build.0 = Release|Any CPU
		{E2A4C6F6-4168-5AF4-21C8-476EB3B0BB07}.Release|x86.Deploy.0 = Release|Any CPU
	EndGlobalSection
	GlobalSection(SolutionProperties) = preSolution
		HideSolutionNode = FALSE
	EndGlobalSection
	GlobalSection(NestedProjects) = preSolution
		{54E7F0E3-6E0A-4FFE-A37D-2AE082EB22CE} = {827E0CD3-B72D-47B6-A68D-7590B98EB39B}
		{14BE7E88-8A96-4E28-B3C4-40282EDEA892} = {827E0CD3-B72D-47B6-A68D-7590B98EB39B}
		{B4E1EFB4-4878-4136-B4B7-EA49133BA535} = {827E0CD3-B72D-47B6-A68D-7590B98EB39B}
		{187EFC3C-9525-4AB9-BCEA-38CEC520E522} = {827E0CD3-B72D-47B6-A68D-7590B98EB39B}
		{B4FAACD0-5EDE-4667-B824-829F64667367} = {827E0CD3-B72D-47B6-A68D-7590B98EB39B}
		{E2A4C6F6-4168-5AF4-21C8-476EB3B0BB07} = {827E0CD3-B72D-47B6-A68D-7590B98EB39B}
	EndGlobalSection
EndGlobal
