
Microsoft Visual Studio Solution File, Format Version 12.00
# Visual Studio Version 17
VisualStudioVersion = 17.0.31903.59
MinimumVisualStudioVersion = 10.0.40219.1
Project("{2150E333-8FDC-42A3-9474-1A3956D46DE8}") = "src", "src", "{02EA681E-C7D8-13C7-8484-4AC65E1B71E8}"
EndProject
Project("{FAE04EC0-301F-11D3-BF4B-00C04F79EFBC}") = "SimpleStocker.ClientApi", "src\SimpleStocker.ClientApi\SimpleStocker.ClientApi.csproj", "{E94F44BF-F0AA-AC41-AEAD-F29CD01D0F2B}"
EndProject
Project("{FAE04EC0-301F-11D3-BF4B-00C04F79EFBC}") = "SimpleStocker.ProductApi", "src\SimpleStocker.ProductApi\SimpleStocker.ProductApi.csproj", "{1E816843-7A01-2DF8-FA33-FE972F43548F}"
EndProject
Project("{FAE04EC0-301F-11D3-BF4B-00C04F79EFBC}") = "SimpleStocker.SaleApi", "src\SimpleStocker.SaleApi\SimpleStocker.SaleApi.csproj", "{8A5CF243-3EE9-AC1F-E2BC-899DD40FDD4F}"
EndProject
Project("{54A90642-561A-4BB1-A94E-469ADEE60C69}") = "SimpleStocker.Web", "src\SimpleStocker.Web\SimpleStocker.Web.esproj", "{E2A4C6F6-4168-5AF4-21C8-476EB3B0BB07}"
EndProject
Project("{FAE04EC0-301F-11D3-BF4B-00C04F79EFBC}") = "SimpleStocker.StockConsumer", "src\SimpleStocker.StockProduct\SimpleStocker.StockConsumer.csproj", "{5D6E1E9E-D7A5-40D1-B6D0-710B38F993BB}"
EndProject
Project("{FAE04EC0-301F-11D3-BF4B-00C04F79EFBC}") = "SimpleStocker.InventoryApi", "src\SimpleStocker.InventoryApi\SimpleStocker.InventoryApi.csproj", "{4FEA0F0B-9CEB-48EA-8F81-9B804F16C1C1}"
EndProject
Project("{FAE04EC0-301F-11D3-BF4B-00C04F79EFBC}") = "SimpleStocker.NotificationEmailConsumer", "src\SimpleStocker.NotificationEmailConsumer\SimpleStocker.NotificationEmailConsumer.csproj", "{EB5487B7-FFE6-4167-A379-539EED89E1A0}"
EndProject
Project("{2150E333-8FDC-42A3-9474-1A3956D46DE8}") = "Tests", "Tests", "{B986A62C-F693-4559-86F6-18D9B811405E}"
EndProject
Project("{FAE04EC0-301F-11D3-BF4B-00C04F79EFBC}") = "SimpleStocker.ClientApi.Tests", "src\Tests\SimpleStocker.ClientApi.Tests\SimpleStocker.ClientApi.Tests.csproj", "{573C60E6-02C7-D9C2-736D-44461624F3EE}"
EndProject
Project("{FAE04EC0-301F-11D3-BF4B-00C04F79EFBC}") = "SimpleStocker.ProductApi.Tests", "src\Tests\SimpleStocker.ProductApi.Tests\SimpleStocker.ProductApi.Tests.csproj", "{04BECA78-B9A0-4AB1-9314-8AFD7E98AD89}"
EndProject
Project("{FAE04EC0-301F-11D3-BF4B-00C04F79EFBC}") = "SimpleStocker.CategoryApi.Tests", "src\Tests\SimpleStocker.CategoryApi.Tests\SimpleStocker.CategoryApi.Tests.csproj", "{DC5CA86B-0162-4632-B866-47181F37F22A}"
EndProject
Project("{FAE04EC0-301F-11D3-BF4B-00C04F79EFBC}") = "SimpleStocker.InventoryApi.Tests", "src\Tests\SimpleStocker.InventoryApi.Tests\SimpleStocker.InventoryApi.Tests.csproj", "{022D4D3A-0BFF-4D16-AEF6-6E14C29BF8CA}"
EndProject
Project("{FAE04EC0-301F-11D3-BF4B-00C04F79EFBC}") = "SimpleStocker.SaleApi.Tests", "src\Tests\SimpleStocker.SaleApi.Tests\SimpleStocker.SaleApi.Tests.csproj", "{46C95B81-CF4A-403E-B533-3AC6E675BCCA}"
EndProject
Global
	GlobalSection(SolutionConfigurationPlatforms) = preSolution
		Debug|Any CPU = Debug|Any CPU
		Release|Any CPU = Release|Any CPU
	EndGlobalSection
	GlobalSection(ProjectConfigurationPlatforms) = postSolution
		{E94F44BF-F0AA-AC41-AEAD-F29CD01D0F2B}.Debug|Any CPU.ActiveCfg = Debug|Any CPU
		{E94F44BF-F0AA-AC41-AEAD-F29CD01D0F2B}.Debug|Any CPU.Build.0 = Debug|Any CPU
		{E94F44BF-F0AA-AC41-AEAD-F29CD01D0F2B}.Release|Any CPU.ActiveCfg = Release|Any CPU
		{E94F44BF-F0AA-AC41-AEAD-F29CD01D0F2B}.Release|Any CPU.Build.0 = Release|Any CPU
		{1E816843-7A01-2DF8-FA33-FE972F43548F}.Debug|Any CPU.ActiveCfg = Debug|Any CPU
		{1E816843-7A01-2DF8-FA33-FE972F43548F}.Debug|Any CPU.Build.0 = Debug|Any CPU
		{1E816843-7A01-2DF8-FA33-FE972F43548F}.Release|Any CPU.ActiveCfg = Release|Any CPU
		{1E816843-7A01-2DF8-FA33-FE972F43548F}.Release|Any CPU.Build.0 = Release|Any CPU
		{8A5CF243-3EE9-AC1F-E2BC-899DD40FDD4F}.Debug|Any CPU.ActiveCfg = Debug|Any CPU
		{8A5CF243-3EE9-AC1F-E2BC-899DD40FDD4F}.Debug|Any CPU.Build.0 = Debug|Any CPU
		{8A5CF243-3EE9-AC1F-E2BC-899DD40FDD4F}.Release|Any CPU.ActiveCfg = Release|Any CPU
		{8A5CF243-3EE9-AC1F-E2BC-899DD40FDD4F}.Release|Any CPU.Build.0 = Release|Any CPU
		{E2A4C6F6-4168-5AF4-21C8-476EB3B0BB07}.Debug|Any CPU.ActiveCfg = Debug|Any CPU
		{E2A4C6F6-4168-5AF4-21C8-476EB3B0BB07}.Debug|Any CPU.Build.0 = Debug|Any CPU
		{E2A4C6F6-4168-5AF4-21C8-476EB3B0BB07}.Debug|Any CPU.Deploy.0 = Debug|Any CPU
		{E2A4C6F6-4168-5AF4-21C8-476EB3B0BB07}.Release|Any CPU.ActiveCfg = Release|Any CPU
		{E2A4C6F6-4168-5AF4-21C8-476EB3B0BB07}.Release|Any CPU.Build.0 = Release|Any CPU
		{E2A4C6F6-4168-5AF4-21C8-476EB3B0BB07}.Release|Any CPU.Deploy.0 = Release|Any CPU
		{5D6E1E9E-D7A5-40D1-B6D0-710B38F993BB}.Debug|Any CPU.ActiveCfg = Debug|Any CPU
		{5D6E1E9E-D7A5-40D1-B6D0-710B38F993BB}.Debug|Any CPU.Build.0 = Debug|Any CPU
		{5D6E1E9E-D7A5-40D1-B6D0-710B38F993BB}.Release|Any CPU.ActiveCfg = Release|Any CPU
		{5D6E1E9E-D7A5-40D1-B6D0-710B38F993BB}.Release|Any CPU.Build.0 = Release|Any CPU
		{4FEA0F0B-9CEB-48EA-8F81-9B804F16C1C1}.Debug|Any CPU.ActiveCfg = Debug|Any CPU
		{4FEA0F0B-9CEB-48EA-8F81-9B804F16C1C1}.Debug|Any CPU.Build.0 = Debug|Any CPU
		{4FEA0F0B-9CEB-48EA-8F81-9B804F16C1C1}.Release|Any CPU.ActiveCfg = Release|Any CPU
		{4FEA0F0B-9CEB-48EA-8F81-9B804F16C1C1}.Release|Any CPU.Build.0 = Release|Any CPU
		{EB5487B7-FFE6-4167-A379-539EED89E1A0}.Debug|Any CPU.ActiveCfg = Debug|Any CPU
		{EB5487B7-FFE6-4167-A379-539EED89E1A0}.Debug|Any CPU.Build.0 = Debug|Any CPU
		{EB5487B7-FFE6-4167-A379-539EED89E1A0}.Release|Any CPU.ActiveCfg = Release|Any CPU
		{EB5487B7-FFE6-4167-A379-539EED89E1A0}.Release|Any CPU.Build.0 = Release|Any CPU
		{573C60E6-02C7-D9C2-736D-44461624F3EE}.Debug|Any CPU.ActiveCfg = Debug|Any CPU
		{573C60E6-02C7-D9C2-736D-44461624F3EE}.Debug|Any CPU.Build.0 = Debug|Any CPU
		{573C60E6-02C7-D9C2-736D-44461624F3EE}.Release|Any CPU.ActiveCfg = Release|Any CPU
		{573C60E6-02C7-D9C2-736D-44461624F3EE}.Release|Any CPU.Build.0 = Release|Any CPU
		{04BECA78-B9A0-4AB1-9314-8AFD7E98AD89}.Debug|Any CPU.ActiveCfg = Debug|Any CPU
		{04BECA78-B9A0-4AB1-9314-8AFD7E98AD89}.Debug|Any CPU.Build.0 = Debug|Any CPU
		{04BECA78-B9A0-4AB1-9314-8AFD7E98AD89}.Release|Any CPU.ActiveCfg = Release|Any CPU
		{04BECA78-B9A0-4AB1-9314-8AFD7E98AD89}.Release|Any CPU.Build.0 = Release|Any CPU
		{DC5CA86B-0162-4632-B866-47181F37F22A}.Debug|Any CPU.ActiveCfg = Debug|Any CPU
		{DC5CA86B-0162-4632-B866-47181F37F22A}.Debug|Any CPU.Build.0 = Debug|Any CPU
		{DC5CA86B-0162-4632-B866-47181F37F22A}.Release|Any CPU.ActiveCfg = Release|Any CPU
		{DC5CA86B-0162-4632-B866-47181F37F22A}.Release|Any CPU.Build.0 = Release|Any CPU
		{022D4D3A-0BFF-4D16-AEF6-6E14C29BF8CA}.Debug|Any CPU.ActiveCfg = Debug|Any CPU
		{022D4D3A-0BFF-4D16-AEF6-6E14C29BF8CA}.Debug|Any CPU.Build.0 = Debug|Any CPU
		{022D4D3A-0BFF-4D16-AEF6-6E14C29BF8CA}.Release|Any CPU.ActiveCfg = Release|Any CPU
		{022D4D3A-0BFF-4D16-AEF6-6E14C29BF8CA}.Release|Any CPU.Build.0 = Release|Any CPU
		{46C95B81-CF4A-403E-B533-3AC6E675BCCA}.Debug|Any CPU.ActiveCfg = Debug|Any CPU
		{46C95B81-CF4A-403E-B533-3AC6E675BCCA}.Debug|Any CPU.Build.0 = Debug|Any CPU
		{46C95B81-CF4A-403E-B533-3AC6E675BCCA}.Release|Any CPU.ActiveCfg = Release|Any CPU
		{46C95B81-CF4A-403E-B533-3AC6E675BCCA}.Release|Any CPU.Build.0 = Release|Any CPU
	EndGlobalSection
	GlobalSection(SolutionProperties) = preSolution
		HideSolutionNode = FALSE
	EndGlobalSection
	GlobalSection(NestedProjects) = preSolution
		{E94F44BF-F0AA-AC41-AEAD-F29CD01D0F2B} = {02EA681E-C7D8-13C7-8484-4AC65E1B71E8}
		{1E816843-7A01-2DF8-FA33-FE972F43548F} = {02EA681E-C7D8-13C7-8484-4AC65E1B71E8}
		{8A5CF243-3EE9-AC1F-E2BC-899DD40FDD4F} = {02EA681E-C7D8-13C7-8484-4AC65E1B71E8}
		{E2A4C6F6-4168-5AF4-21C8-476EB3B0BB07} = {02EA681E-C7D8-13C7-8484-4AC65E1B71E8}
		{5D6E1E9E-D7A5-40D1-B6D0-710B38F993BB} = {02EA681E-C7D8-13C7-8484-4AC65E1B71E8}
		{4FEA0F0B-9CEB-48EA-8F81-9B804F16C1C1} = {02EA681E-C7D8-13C7-8484-4AC65E1B71E8}
		{EB5487B7-FFE6-4167-A379-539EED89E1A0} = {02EA681E-C7D8-13C7-8484-4AC65E1B71E8}
		{B986A62C-F693-4559-86F6-18D9B811405E} = {02EA681E-C7D8-13C7-8484-4AC65E1B71E8}
		{573C60E6-02C7-D9C2-736D-44461624F3EE} = {B986A62C-F693-4559-86F6-18D9B811405E}
		{04BECA78-B9A0-4AB1-9314-8AFD7E98AD89} = {B986A62C-F693-4559-86F6-18D9B811405E}
		{DC5CA86B-0162-4632-B866-47181F37F22A} = {B986A62C-F693-4559-86F6-18D9B811405E}
		{022D4D3A-0BFF-4D16-AEF6-6E14C29BF8CA} = {B986A62C-F693-4559-86F6-18D9B811405E}
		{46C95B81-CF4A-403E-B533-3AC6E675BCCA} = {B986A62C-F693-4559-86F6-18D9B811405E}
	EndGlobalSection
	GlobalSection(ExtensibilityGlobals) = postSolution
		SolutionGuid = {7DB131D7-7F42-483C-B014-DDA4B3B34DE9}
	EndGlobalSection
EndGlobal
